
Microsoft Visual Studio Solution File, Format Version 12.00
# Visual Studio Version 16
VisualStudioVersion = 16.0.29519.181
MinimumVisualStudioVersion = 10.0.40219.1
Project("{FAE04EC0-301F-11D3-BF4B-00C04F79EFBC}") = "A4aero", "A4aero\A4aero.csproj", "{89C07C6A-7A73-48DC-93DE-4D1D1B32F1A1}"
EndProject
Global
	GlobalSection(SolutionConfigurationPlatforms) = preSolution
		Debug|Any CPU = Debug|Any CPU
		Release|Any CPU = Release|Any CPU
	EndGlobalSection
	GlobalSection(ProjectConfigurationPlatforms) = postSolution
		{89C07C6A-7A73-48DC-93DE-4D1D1B32F1A1}.Debug|Any CPU.ActiveCfg = Debug|Any CPU
		{89C07C6A-7A73-48DC-93DE-4D1D1B32F1A1}.Debug|Any CPU.Build.0 = Debug|Any CPU
		{89C07C6A-7A73-48DC-93DE-4D1D1B32F1A1}.Release|Any CPU.ActiveCfg = Release|Any CPU
		{89C07C6A-7A73-48DC-93DE-4D1D1B32F1A1}.Release|Any CPU.Build.0 = Release|Any CPU
	EndGlobalSection
	GlobalSection(SolutionProperties) = preSolution
		HideSolutionNode = FALSE
	EndGlobalSection
	GlobalSection(ExtensibilityGlobals) = postSolution
		SolutionGuid = {37C3CFAB-0660-4F82-AB0E-08495E464767}
	EndGlobalSection
EndGlobal
